
Microsoft Visual Studio Solution File, Format Version 12.00
# Visual Studio Version 17
VisualStudioVersion = 17.1.32210.238
MinimumVisualStudioVersion = 10.0.40219.1
Project("{FAE04EC0-301F-11D3-BF4B-00C04F79EFBC}") = "sobre_128", "sobre_128\sobre_128.csproj", "{52F8D142-4026-4704-B77B-9B14E2C777B2}"
EndProject
Global
	GlobalSection(SolutionConfigurationPlatforms) = preSolution
		Debug|Any CPU = Debug|Any CPU
		Release|Any CPU = Release|Any CPU
	EndGlobalSection
	GlobalSection(ProjectConfigurationPlatforms) = postSolution
		{52F8D142-4026-4704-B77B-9B14E2C777B2}.Debug|Any CPU.ActiveCfg = Debug|Any CPU
		{52F8D142-4026-4704-B77B-9B14E2C777B2}.Debug|Any CPU.Build.0 = Debug|Any CPU
		{52F8D142-4026-4704-B77B-9B14E2C777B2}.Release|Any CPU.ActiveCfg = Release|Any CPU
		{52F8D142-4026-4704-B77B-9B14E2C777B2}.Release|Any CPU.Build.0 = Release|Any CPU
	EndGlobalSection
	GlobalSection(SolutionProperties) = preSolution
		HideSolutionNode = FALSE
	EndGlobalSection
	GlobalSection(ExtensibilityGlobals) = postSolution
		SolutionGuid = {D12D7565-D0FC-4924-B26C-01B629258782}
	EndGlobalSection
EndGlobal
