
Microsoft Visual Studio Solution File, Format Version 12.00
# Visual Studio Version 17
VisualStudioVersion = 17.1.32210.238
MinimumVisualStudioVersion = 10.0.40219.1
Project("{FAE04EC0-301F-11D3-BF4B-00C04F79EFBC}") = "hashset_209", "hashset_209\hashset_209.csproj", "{DE7B04BE-E51B-4008-A68C-C3F7DA2EF558}"
EndProject
Global
	GlobalSection(SolutionConfigurationPlatforms) = preSolution
		Debug|Any CPU = Debug|Any CPU
		Release|Any CPU = Release|Any CPU
	EndGlobalSection
	GlobalSection(ProjectConfigurationPlatforms) = postSolution
		{DE7B04BE-E51B-4008-A68C-C3F7DA2EF558}.Debug|Any CPU.ActiveCfg = Debug|Any CPU
		{DE7B04BE-E51B-4008-A68C-C3F7DA2EF558}.Debug|Any CPU.Build.0 = Debug|Any CPU
		{DE7B04BE-E51B-4008-A68C-C3F7DA2EF558}.Release|Any CPU.ActiveCfg = Release|Any CPU
		{DE7B04BE-E51B-4008-A68C-C3F7DA2EF558}.Release|Any CPU.Build.0 = Release|Any CPU
	EndGlobalSection
	GlobalSection(SolutionProperties) = preSolution
		HideSolutionNode = FALSE
	EndGlobalSection
	GlobalSection(ExtensibilityGlobals) = postSolution
		SolutionGuid = {99A457C5-751F-4823-AAD7-76EC9AF85CCD}
	EndGlobalSection
EndGlobal
