
Microsoft Visual Studio Solution File, Format Version 12.00
# Visual Studio Version 17
VisualStudioVersion = 17.1.32210.238
MinimumVisualStudioVersion = 10.0.40219.1
Project("{FAE04EC0-301F-11D3-BF4B-00C04F79EFBC}") = "comparison_219", "comparison_219\comparison_219.csproj", "{D6585ECD-AB7E-4AB6-9ADC-F001B690F44B}"
EndProject
Global
	GlobalSection(SolutionConfigurationPlatforms) = preSolution
		Debug|Any CPU = Debug|Any CPU
		Release|Any CPU = Release|Any CPU
	EndGlobalSection
	GlobalSection(ProjectConfigurationPlatforms) = postSolution
		{D6585ECD-AB7E-4AB6-9ADC-F001B690F44B}.Debug|Any CPU.ActiveCfg = Debug|Any CPU
		{D6585ECD-AB7E-4AB6-9ADC-F001B690F44B}.Debug|Any CPU.Build.0 = Debug|Any CPU
		{D6585ECD-AB7E-4AB6-9ADC-F001B690F44B}.Release|Any CPU.ActiveCfg = Release|Any CPU
		{D6585ECD-AB7E-4AB6-9ADC-F001B690F44B}.Release|Any CPU.Build.0 = Release|Any CPU
	EndGlobalSection
	GlobalSection(SolutionProperties) = preSolution
		HideSolutionNode = FALSE
	EndGlobalSection
	GlobalSection(ExtensibilityGlobals) = postSolution
		SolutionGuid = {BDF3109B-8DD9-4126-8B99-9DCBD2B31209}
	EndGlobalSection
EndGlobal
