
Microsoft Visual Studio Solution File, Format Version 12.00
# Visual Studio Version 17
VisualStudioVersion = 17.0.32126.317
MinimumVisualStudioVersion = 10.0.40219.1
Project("{FAE04EC0-301F-11D3-BF4B-00C04F79EFBC}") = "matrix-81", "matrix-81\matrix-81.csproj", "{3DF68BAC-2075-4203-9456-6B8C3D1F35F0}"
EndProject
Global
	GlobalSection(SolutionConfigurationPlatforms) = preSolution
		Debug|Any CPU = Debug|Any CPU
		Release|Any CPU = Release|Any CPU
	EndGlobalSection
	GlobalSection(ProjectConfigurationPlatforms) = postSolution
		{3DF68BAC-2075-4203-9456-6B8C3D1F35F0}.Debug|Any CPU.ActiveCfg = Debug|Any CPU
		{3DF68BAC-2075-4203-9456-6B8C3D1F35F0}.Debug|Any CPU.Build.0 = Debug|Any CPU
		{3DF68BAC-2075-4203-9456-6B8C3D1F35F0}.Release|Any CPU.ActiveCfg = Release|Any CPU
		{3DF68BAC-2075-4203-9456-6B8C3D1F35F0}.Release|Any CPU.Build.0 = Release|Any CPU
	EndGlobalSection
	GlobalSection(SolutionProperties) = preSolution
		HideSolutionNode = FALSE
	EndGlobalSection
	GlobalSection(ExtensibilityGlobals) = postSolution
		SolutionGuid = {3BA03C60-366F-4864-86BF-2863365927D6}
	EndGlobalSection
EndGlobal
