
Microsoft Visual Studio Solution File, Format Version 12.00
# Visual Studio Version 17
VisualStudioVersion = 17.1.32210.238
MinimumVisualStudioVersion = 10.0.40219.1
Project("{FAE04EC0-301F-11D3-BF4B-00C04F79EFBC}") = "datetime_91", "datetime_91\datetime_91.csproj", "{BCF17D07-CB8E-4218-9C2B-92B40B977650}"
EndProject
Global
	GlobalSection(SolutionConfigurationPlatforms) = preSolution
		Debug|Any CPU = Debug|Any CPU
		Release|Any CPU = Release|Any CPU
	EndGlobalSection
	GlobalSection(ProjectConfigurationPlatforms) = postSolution
		{BCF17D07-CB8E-4218-9C2B-92B40B977650}.Debug|Any CPU.ActiveCfg = Debug|Any CPU
		{BCF17D07-CB8E-4218-9C2B-92B40B977650}.Debug|Any CPU.Build.0 = Debug|Any CPU
		{BCF17D07-CB8E-4218-9C2B-92B40B977650}.Release|Any CPU.ActiveCfg = Release|Any CPU
		{BCF17D07-CB8E-4218-9C2B-92B40B977650}.Release|Any CPU.Build.0 = Release|Any CPU
	EndGlobalSection
	GlobalSection(SolutionProperties) = preSolution
		HideSolutionNode = FALSE
	EndGlobalSection
	GlobalSection(ExtensibilityGlobals) = postSolution
		SolutionGuid = {BC24B05B-1286-4F57-8A76-E8F66F867387}
	EndGlobalSection
EndGlobal
