
Microsoft Visual Studio Solution File, Format Version 12.00
# Visual Studio Version 17
VisualStudioVersion = 17.1.32210.238
MinimumVisualStudioVersion = 10.0.40219.1
Project("{FAE04EC0-301F-11D3-BF4B-00C04F79EFBC}") = "string_88", "string_88\string_88.csproj", "{FAE61F72-CF32-4E2B-85F1-8828B54DE292}"
EndProject
Global
	GlobalSection(SolutionConfigurationPlatforms) = preSolution
		Debug|Any CPU = Debug|Any CPU
		Release|Any CPU = Release|Any CPU
	EndGlobalSection
	GlobalSection(ProjectConfigurationPlatforms) = postSolution
		{FAE61F72-CF32-4E2B-85F1-8828B54DE292}.Debug|Any CPU.ActiveCfg = Debug|Any CPU
		{FAE61F72-CF32-4E2B-85F1-8828B54DE292}.Debug|Any CPU.Build.0 = Debug|Any CPU
		{FAE61F72-CF32-4E2B-85F1-8828B54DE292}.Release|Any CPU.ActiveCfg = Release|Any CPU
		{FAE61F72-CF32-4E2B-85F1-8828B54DE292}.Release|Any CPU.Build.0 = Release|Any CPU
	EndGlobalSection
	GlobalSection(SolutionProperties) = preSolution
		HideSolutionNode = FALSE
	EndGlobalSection
	GlobalSection(ExtensibilityGlobals) = postSolution
		SolutionGuid = {F044D0E1-381A-49CB-BAF3-B605DBCE211F}
	EndGlobalSection
EndGlobal
