
Microsoft Visual Studio Solution File, Format Version 12.00
# Visual Studio Version 17
VisualStudioVersion = 17.1.32210.238
MinimumVisualStudioVersion = 10.0.40219.1
Project("{FAE04EC0-301F-11D3-BF4B-00C04F79EFBC}") = "genericsrestrictions_206", "genericsrestrictions_206\genericsrestrictions_206.csproj", "{BAA35816-B47A-4947-8224-404767E16E79}"
EndProject
Global
	GlobalSection(SolutionConfigurationPlatforms) = preSolution
		Debug|Any CPU = Debug|Any CPU
		Release|Any CPU = Release|Any CPU
	EndGlobalSection
	GlobalSection(ProjectConfigurationPlatforms) = postSolution
		{BAA35816-B47A-4947-8224-404767E16E79}.Debug|Any CPU.ActiveCfg = Debug|Any CPU
		{BAA35816-B47A-4947-8224-404767E16E79}.Debug|Any CPU.Build.0 = Debug|Any CPU
		{BAA35816-B47A-4947-8224-404767E16E79}.Release|Any CPU.ActiveCfg = Release|Any CPU
		{BAA35816-B47A-4947-8224-404767E16E79}.Release|Any CPU.Build.0 = Release|Any CPU
	EndGlobalSection
	GlobalSection(SolutionProperties) = preSolution
		HideSolutionNode = FALSE
	EndGlobalSection
	GlobalSection(ExtensibilityGlobals) = postSolution
		SolutionGuid = {2A36FE2E-4473-469E-969E-6B59249D5C57}
	EndGlobalSection
EndGlobal
